
Microsoft Visual Studio Solution File, Format Version 12.00
# Visual Studio 15
Project("{FAE04EC0-301F-11D3-BF4B-00C04F79EFBC}") = "Assembly-CSharp", "Assembly-CSharp.csproj", "{54D8BBBE-C977-C0FF-0141-DD24D51800DA}"
EndProject
Project("{FAE04EC0-301F-11D3-BF4B-00C04F79EFBC}") = "Assembly-CSharp-Editor", "Assembly-CSharp-Editor.csproj", "{2DCDEEC1-357D-0329-5012-01C51D89FBF3}"
EndProject
Global
	GlobalSection(SolutionConfigurationPlatforms) = preSolution
		Debug|Any CPU = Debug|Any CPU
		Release|Any CPU = Release|Any CPU
	EndGlobalSection
	GlobalSection(ProjectConfigurationPlatforms) = postSolution
		{54D8BBBE-C977-C0FF-0141-DD24D51800DA}.Debug|Any CPU.ActiveCfg = Debug|Any CPU
		{54D8BBBE-C977-C0FF-0141-DD24D51800DA}.Debug|Any CPU.Build.0 = Debug|Any CPU
		{54D8BBBE-C977-C0FF-0141-DD24D51800DA}.Release|Any CPU.ActiveCfg = Release|Any CPU
		{54D8BBBE-C977-C0FF-0141-DD24D51800DA}.Release|Any CPU.Build.0 = Release|Any CPU
		{2DCDEEC1-357D-0329-5012-01C51D89FBF3}.Debug|Any CPU.ActiveCfg = Debug|Any CPU
		{2DCDEEC1-357D-0329-5012-01C51D89FBF3}.Debug|Any CPU.Build.0 = Debug|Any CPU
		{2DCDEEC1-357D-0329-5012-01C51D89FBF3}.Release|Any CPU.ActiveCfg = Release|Any CPU
		{2DCDEEC1-357D-0329-5012-01C51D89FBF3}.Release|Any CPU.Build.0 = Release|Any CPU
	EndGlobalSection
	GlobalSection(SolutionProperties) = preSolution
		HideSolutionNode = FALSE
	EndGlobalSection
EndGlobal
